
Microsoft Visual Studio Solution File, Format Version 12.00
# Visual Studio Version 17
VisualStudioVersion = 17.14.36511.14 d17.14
MinimumVisualStudioVersion = 10.0.40219.1
Project("{FAE04EC0-301F-11D3-BF4B-00C04F79EFBC}") = "cs_Asynchronous", "cs_Asynchronous.csproj", "{F6CD9BE8-7CAF-4175-BAE0-0A3912915BA0}"
EndProject
Global
	GlobalSection(SolutionConfigurationPlatforms) = preSolution
		Debug|Any CPU = Debug|Any CPU
		Release|Any CPU = Release|Any CPU
	EndGlobalSection
	GlobalSection(ProjectConfigurationPlatforms) = postSolution
		{F6CD9BE8-7CAF-4175-BAE0-0A3912915BA0}.Debug|Any CPU.ActiveCfg = Debug|Any CPU
		{F6CD9BE8-7CAF-4175-BAE0-0A3912915BA0}.Debug|Any CPU.Build.0 = Debug|Any CPU
		{F6CD9BE8-7CAF-4175-BAE0-0A3912915BA0}.Release|Any CPU.ActiveCfg = Release|Any CPU
		{F6CD9BE8-7CAF-4175-BAE0-0A3912915BA0}.Release|Any CPU.Build.0 = Release|Any CPU
	EndGlobalSection
	GlobalSection(SolutionProperties) = preSolution
		HideSolutionNode = FALSE
	EndGlobalSection
	GlobalSection(ExtensibilityGlobals) = postSolution
		SolutionGuid = {D51585C0-D672-434D-B959-88057EA65610}
	EndGlobalSection
EndGlobal
