
Microsoft Visual Studio Solution File, Format Version 12.00
# Visual Studio Version 17
VisualStudioVersion = 17.14.36511.14 d17.14
MinimumVisualStudioVersion = 10.0.40219.1
Project("{FAE04EC0-301F-11D3-BF4B-00C04F79EFBC}") = "cs_DependencyInjection", "cs_DependencyInjection.csproj", "{1D191D55-B8E1-4B93-94C8-6C8727AEE22C}"
EndProject
Global
	GlobalSection(SolutionConfigurationPlatforms) = preSolution
		Debug|Any CPU = Debug|Any CPU
		Release|Any CPU = Release|Any CPU
	EndGlobalSection
	GlobalSection(ProjectConfigurationPlatforms) = postSolution
		{1D191D55-B8E1-4B93-94C8-6C8727AEE22C}.Debug|Any CPU.ActiveCfg = Debug|Any CPU
		{1D191D55-B8E1-4B93-94C8-6C8727AEE22C}.Debug|Any CPU.Build.0 = Debug|Any CPU
		{1D191D55-B8E1-4B93-94C8-6C8727AEE22C}.Release|Any CPU.ActiveCfg = Release|Any CPU
		{1D191D55-B8E1-4B93-94C8-6C8727AEE22C}.Release|Any CPU.Build.0 = Release|Any CPU
	EndGlobalSection
	GlobalSection(SolutionProperties) = preSolution
		HideSolutionNode = FALSE
	EndGlobalSection
	GlobalSection(ExtensibilityGlobals) = postSolution
		SolutionGuid = {2010C9F6-5FFE-4D99-B00D-356B2D6B90CA}
	EndGlobalSection
EndGlobal
