
Microsoft Visual Studio Solution File, Format Version 12.00
# Visual Studio Version 17
VisualStudioVersion = 17.14.36511.14 d17.14
MinimumVisualStudioVersion = 10.0.40219.1
Project("{FAE04EC0-301F-11D3-BF4B-00C04F79EFBC}") = "cs_UnitTesting", "cs_UnitTesting.csproj", "{A45CECDB-313E-47D3-930E-16ABD243BF12}"
EndProject
Project("{FAE04EC0-301F-11D3-BF4B-00C04F79EFBC}") = "cs_UnitTesting.Tests", "..\cs_UnitTesting.Tests\cs_UnitTesting.Tests.csproj", "{A60A84AB-F69F-477E-B6E2-A39BEE0F6E89}"
EndProject
Global
	GlobalSection(SolutionConfigurationPlatforms) = preSolution
		Debug|Any CPU = Debug|Any CPU
		Release|Any CPU = Release|Any CPU
	EndGlobalSection
	GlobalSection(ProjectConfigurationPlatforms) = postSolution
		{A45CECDB-313E-47D3-930E-16ABD243BF12}.Debug|Any CPU.ActiveCfg = Debug|Any CPU
		{A45CECDB-313E-47D3-930E-16ABD243BF12}.Debug|Any CPU.Build.0 = Debug|Any CPU
		{A45CECDB-313E-47D3-930E-16ABD243BF12}.Release|Any CPU.ActiveCfg = Release|Any CPU
		{A45CECDB-313E-47D3-930E-16ABD243BF12}.Release|Any CPU.Build.0 = Release|Any CPU
		{A60A84AB-F69F-477E-B6E2-A39BEE0F6E89}.Debug|Any CPU.ActiveCfg = Debug|Any CPU
		{A60A84AB-F69F-477E-B6E2-A39BEE0F6E89}.Debug|Any CPU.Build.0 = Debug|Any CPU
		{A60A84AB-F69F-477E-B6E2-A39BEE0F6E89}.Release|Any CPU.ActiveCfg = Release|Any CPU
		{A60A84AB-F69F-477E-B6E2-A39BEE0F6E89}.Release|Any CPU.Build.0 = Release|Any CPU
	EndGlobalSection
	GlobalSection(SolutionProperties) = preSolution
		HideSolutionNode = FALSE
	EndGlobalSection
	GlobalSection(ExtensibilityGlobals) = postSolution
		SolutionGuid = {ED7A7EE5-11CC-4EA0-A1C8-A91C8171B7CE}
	EndGlobalSection
EndGlobal
